// !$*UTF8*$!
{
	archiveVersion = 1;
	classes = {
	};
	objectVersion = 56;
	objects = {

/* Begin PBXBuildFile section */
		580A8DA6297BD9D48DAD4937 /* Pods_SimpleTodo.framework in Frameworks */ = {isa = PBXBuildFile; fileRef = 746E4DD8C45F1D62EBD37408 /* Pods_SimpleTodo.framework */; };
		D0144A3A2A306E56004A6457 /* CalendarView.swift in Sources */ = {isa = PBXBuildFile; fileRef = D0144A392A306E56004A6457 /* CalendarView.swift */; };
		D0144A3C2A306E80004A6457 /* CalendarViewModel.swift in Sources */ = {isa = PBXBuildFile; fileRef = D0144A3B2A306E80004A6457 /* CalendarViewModel.swift */; };
		D06BBBD72A305CD7006F35B1 /* SimpleTodoApp.swift in Sources */ = {isa = PBXBuildFile; fileRef = D06BBBD62A305CD7006F35B1 /* SimpleTodoApp.swift */; };
		D06BBBD92A305CD7006F35B1 /* ContentView.swift in Sources */ = {isa = PBXBuildFile; fileRef = D06BBBD82A305CD7006F35B1 /* ContentView.swift */; };
		D06BBBDB2A305CD8006F35B1 /* Assets.xcassets in Resources */ = {isa = PBXBuildFile; fileRef = D06BBBDA2A305CD8006F35B1 /* Assets.xcassets */; };
		D06BBBDE2A305CD8006F35B1 /* Preview Assets.xcassets in Resources */ = {isa = PBXBuildFile; fileRef = D06BBBDD2A305CD8006F35B1 /* Preview Assets.xcassets */; };
		D09F90DB2A3319F00065BF23 /* EventIndicatorContainer.swift in Sources */ = {isa = PBXBuildFile; fileRef = D09F90DA2A3319F00065BF23 /* EventIndicatorContainer.swift */; };
		D0C443D42A319AC300D2F6BE /* CalendarCell.swift in Sources */ = {isa = PBXBuildFile; fileRef = D0C443D32A319AC300D2F6BE /* CalendarCell.swift */; };
		D0D3EC092B36E29C006A37B1 /* CatContainerView.swift in Sources */ = {isa = PBXBuildFile; fileRef = D0D3EC082B36E29C006A37B1 /* CatContainerView.swift */; };
		D0D3EC0D2B36E3B2006A37B1 /* CatButtonContainerView.swift in Sources */ = {isa = PBXBuildFile; fileRef = D0D3EC0C2B36E3B2006A37B1 /* CatButtonContainerView.swift */; };
/* End PBXBuildFile section */

/* Begin PBXFileReference section */
		462987FCEBFCA8961494E335 /* Pods-SimpleTodo.debug.xcconfig */ = {isa = PBXFileReference; includeInIndex = 1; lastKnownFileType = text.xcconfig; name = "Pods-SimpleTodo.debug.xcconfig"; path = "Target Support Files/Pods-SimpleTodo/Pods-SimpleTodo.debug.xcconfig"; sourceTree = "<group>"; };
		61F4F7E34D44836D0F4DE96F /* Pods-SimpleTodo.release.xcconfig */ = {isa = PBXFileReference; includeInIndex = 1; lastKnownFileType = text.xcconfig; name = "Pods-SimpleTodo.release.xcconfig"; path = "Target Support Files/Pods-SimpleTodo/Pods-SimpleTodo.release.xcconfig"; sourceTree = "<group>"; };
		746E4DD8C45F1D62EBD37408 /* Pods_SimpleTodo.framework */ = {isa = PBXFileReference; explicitFileType = wrapper.framework; includeInIndex = 0; path = Pods_SimpleTodo.framework; sourceTree = BUILT_PRODUCTS_DIR; };
		D0144A392A306E56004A6457 /* CalendarView.swift */ = {isa = PBXFileReference; lastKnownFileType = sourcecode.swift; path = CalendarView.swift; sourceTree = "<group>"; };
		D0144A3B2A306E80004A6457 /* CalendarViewModel.swift */ = {isa = PBXFileReference; lastKnownFileType = sourcecode.swift; path = CalendarViewModel.swift; sourceTree = "<group>"; };
		D06BBBD32A305CD7006F35B1 /* SimpleTodo.app */ = {isa = PBXFileReference; explicitFileType = wrapper.application; includeInIndex = 0; path = SimpleTodo.app; sourceTree = BUILT_PRODUCTS_DIR; };
		D06BBBD62A305CD7006F35B1 /* SimpleTodoApp.swift */ = {isa = PBXFileReference; lastKnownFileType = sourcecode.swift; path = SimpleTodoApp.swift; sourceTree = "<group>"; };
		D06BBBD82A305CD7006F35B1 /* ContentView.swift */ = {isa = PBXFileReference; lastKnownFileType = sourcecode.swift; path = ContentView.swift; sourceTree = "<group>"; };
		D06BBBDA2A305CD8006F35B1 /* Assets.xcassets */ = {isa = PBXFileReference; lastKnownFileType = folder.assetcatalog; path = Assets.xcassets; sourceTree = "<group>"; };
		D06BBBDD2A305CD8006F35B1 /* Preview Assets.xcassets */ = {isa = PBXFileReference; lastKnownFileType = folder.assetcatalog; path = "Preview Assets.xcassets"; sourceTree = "<group>"; };
		D09F90DA2A3319F00065BF23 /* EventIndicatorContainer.swift */ = {isa = PBXFileReference; lastKnownFileType = sourcecode.swift; path = EventIndicatorContainer.swift; sourceTree = "<group>"; };
		D0C443D32A319AC300D2F6BE /* CalendarCell.swift */ = {isa = PBXFileReference; lastKnownFileType = sourcecode.swift; path = CalendarCell.swift; sourceTree = "<group>"; };
		D0D3EC082B36E29C006A37B1 /* CatContainerView.swift */ = {isa = PBXFileReference; lastKnownFileType = sourcecode.swift; path = CatContainerView.swift; sourceTree = "<group>"; };
		D0D3EC0C2B36E3B2006A37B1 /* CatButtonContainerView.swift */ = {isa = PBXFileReference; lastKnownFileType = sourcecode.swift; path = CatButtonContainerView.swift; sourceTree = "<group>"; };
/* End PBXFileReference section */

/* Begin PBXFrameworksBuildPhase section */
		D06BBBD02A305CD7006F35B1 /* Frameworks */ = {
			isa = PBXFrameworksBuildPhase;
			buildActionMask = 2147483647;
			files = (
				580A8DA6297BD9D48DAD4937 /* Pods_SimpleTodo.framework in Frameworks */,
			);
			runOnlyForDeploymentPostprocessing = 0;
		};
/* End PBXFrameworksBuildPhase section */

/* Begin PBXGroup section */
		0CAAD54783A32EC8D63EAAE8 /* Pods */ = {
			isa = PBXGroup;
			children = (
				462987FCEBFCA8961494E335 /* Pods-SimpleTodo.debug.xcconfig */,
				61F4F7E34D44836D0F4DE96F /* Pods-SimpleTodo.release.xcconfig */,
			);
			path = Pods;
			sourceTree = "<group>";
		};
		D0144A2E2A3060AE004A6457 /* ViewModel */ = {
			isa = PBXGroup;
			children = (
				D0144A3B2A306E80004A6457 /* CalendarViewModel.swift */,
			);
			path = ViewModel;
			sourceTree = "<group>";
		};
		D0144A2F2A3060BA004A6457 /* View */ = {
			isa = PBXGroup;
			children = (
				D0144A392A306E56004A6457 /* CalendarView.swift */,
				D0D3EC082B36E29C006A37B1 /* CatContainerView.swift */,
				D0D3EC0C2B36E3B2006A37B1 /* CatButtonContainerView.swift */,
			);
			path = View;
			sourceTree = "<group>";
		};
		D06BBBCA2A305CD7006F35B1 = {
			isa = PBXGroup;
			children = (
				D06BBBD52A305CD7006F35B1 /* SimpleTodo */,
				D06BBBD42A305CD7006F35B1 /* Products */,
				0CAAD54783A32EC8D63EAAE8 /* Pods */,
				DB8047AF92B138B776800FF7 /* Frameworks */,
			);
			sourceTree = "<group>";
		};
		D06BBBD42A305CD7006F35B1 /* Products */ = {
			isa = PBXGroup;
			children = (
				D06BBBD32A305CD7006F35B1 /* SimpleTodo.app */,
			);
			name = Products;
			sourceTree = "<group>";
		};
		D06BBBD52A305CD7006F35B1 /* SimpleTodo */ = {
			isa = PBXGroup;
			children = (
				D0C443D22A319A7E00D2F6BE /* FSCalendar */,
				D0144A2F2A3060BA004A6457 /* View */,
				D0144A2E2A3060AE004A6457 /* ViewModel */,
				D0D3EC052B36E1A4006A37B1 /* Model */,
				D06BBBD62A305CD7006F35B1 /* SimpleTodoApp.swift */,
				D06BBBD82A305CD7006F35B1 /* ContentView.swift */,
				D06BBBDA2A305CD8006F35B1 /* Assets.xcassets */,
				D06BBBDC2A305CD8006F35B1 /* Preview Content */,
			);
			path = SimpleTodo;
			sourceTree = "<group>";
		};
		D06BBBDC2A305CD8006F35B1 /* Preview Content */ = {
			isa = PBXGroup;
			children = (
				D06BBBDD2A305CD8006F35B1 /* Preview Assets.xcassets */,
			);
			path = "Preview Content";
			sourceTree = "<group>";
		};
		D0C443D22A319A7E00D2F6BE /* FSCalendar */ = {
			isa = PBXGroup;
			children = (
				D0C443D32A319AC300D2F6BE /* CalendarCell.swift */,
				D09F90DA2A3319F00065BF23 /* EventIndicatorContainer.swift */,
			);
			path = FSCalendar;
			sourceTree = "<group>";
		};
		D0D3EC052B36E1A4006A37B1 /* Model */ = {
			isa = PBXGroup;
			children = (
			);
			path = Model;
			sourceTree = "<group>";
		};
		DB8047AF92B138B776800FF7 /* Frameworks */ = {
			isa = PBXGroup;
			children = (
				746E4DD8C45F1D62EBD37408 /* Pods_SimpleTodo.framework */,
			);
			name = Frameworks;
			sourceTree = "<group>";
		};
/* End PBXGroup section */

/* Begin PBXNativeTarget section */
		D06BBBD22A305CD7006F35B1 /* SimpleTodo */ = {
			isa = PBXNativeTarget;
			buildConfigurationList = D06BBBE12A305CD8006F35B1 /* Build configuration list for PBXNativeTarget "SimpleTodo" */;
			buildPhases = (
				00716113F54B54B75C03A05A /* [CP] Check Pods Manifest.lock */,
				D06BBBCF2A305CD7006F35B1 /* Sources */,
				D06BBBD02A305CD7006F35B1 /* Frameworks */,
				D06BBBD12A305CD7006F35B1 /* Resources */,
				A0733F6C1DBF2EFBDF0DC1F4 /* [CP] Embed Pods Frameworks */,
			);
			buildRules = (
			);
			dependencies = (
			);
			name = SimpleTodo;
			productName = SimpleTodo;
			productReference = D06BBBD32A305CD7006F35B1 /* SimpleTodo.app */;
			productType = "com.apple.product-type.application";
		};
/* End PBXNativeTarget section */

/* Begin PBXProject section */
		D06BBBCB2A305CD7006F35B1 /* Project object */ = {
			isa = PBXProject;
			attributes = {
				BuildIndependentTargetsInParallel = 1;
				LastSwiftUpdateCheck = 1420;
				LastUpgradeCheck = 1420;
				TargetAttributes = {
					D06BBBD22A305CD7006F35B1 = {
						CreatedOnToolsVersion = 14.2;
					};
				};
			};
			buildConfigurationList = D06BBBCE2A305CD7006F35B1 /* Build configuration list for PBXProject "SimpleTodo" */;
			compatibilityVersion = "Xcode 14.0";
			developmentRegion = en;
			hasScannedForEncodings = 0;
			knownRegions = (
				en,
				Base,
			);
			mainGroup = D06BBBCA2A305CD7006F35B1;
			productRefGroup = D06BBBD42A305CD7006F35B1 /* Products */;
			projectDirPath = "";
			projectRoot = "";
			targets = (
				D06BBBD22A305CD7006F35B1 /* SimpleTodo */,
			);
		};
/* End PBXProject section */

/* Begin PBXResourcesBuildPhase section */
		D06BBBD12A305CD7006F35B1 /* Resources */ = {
			isa = PBXResourcesBuildPhase;
			buildActionMask = 2147483647;
			files = (
				D06BBBDE2A305CD8006F35B1 /* Preview Assets.xcassets in Resources */,
				D06BBBDB2A305CD8006F35B1 /* Assets.xcassets in Resources */,
			);
			runOnlyForDeploymentPostprocessing = 0;
		};
/* End PBXResourcesBuildPhase section */

/* Begin PBXShellScriptBuildPhase section */
		00716113F54B54B75C03A05A /* [CP] Check Pods Manifest.lock */ = {
			isa = PBXShellScriptBuildPhase;
			buildActionMask = 2147483647;
			files = (
			);
			inputFileListPaths = (
			);
			inputPaths = (
				"${PODS_PODFILE_DIR_PATH}/Podfile.lock",
				"${PODS_ROOT}/Manifest.lock",
			);
			name = "[CP] Check Pods Manifest.lock";
			outputFileListPaths = (
			);
			outputPaths = (
				"$(DERIVED_FILE_DIR)/Pods-SimpleTodo-checkManifestLockResult.txt",
			);
			runOnlyForDeploymentPostprocessing = 0;
			shellPath = /bin/sh;
			shellScript = "diff \"${PODS_PODFILE_DIR_PATH}/Podfile.lock\" \"${PODS_ROOT}/Manifest.lock\" > /dev/null\nif [ $? != 0 ] ; then\n    # print error to STDERR\n    echo \"error: The sandbox is not in sync with the Podfile.lock. Run 'pod install' or update your CocoaPods installation.\" >&2\n    exit 1\nfi\n# This output is used by Xcode 'outputs' to avoid re-running this script phase.\necho \"SUCCESS\" > \"${SCRIPT_OUTPUT_FILE_0}\"\n";
			showEnvVarsInLog = 0;
		};
		A0733F6C1DBF2EFBDF0DC1F4 /* [CP] Embed Pods Frameworks */ = {
			isa = PBXShellScriptBuildPhase;
			buildActionMask = 2147483647;
			files = (
			);
			inputFileListPaths = (
				"${PODS_ROOT}/Target Support Files/Pods-SimpleTodo/Pods-SimpleTodo-frameworks-${CONFIGURATION}-input-files.xcfilelist",
			);
			name = "[CP] Embed Pods Frameworks";
			outputFileListPaths = (
				"${PODS_ROOT}/Target Support Files/Pods-SimpleTodo/Pods-SimpleTodo-frameworks-${CONFIGURATION}-output-files.xcfilelist",
			);
			runOnlyForDeploymentPostprocessing = 0;
			shellPath = /bin/sh;
			shellScript = "\"${PODS_ROOT}/Target Support Files/Pods-SimpleTodo/Pods-SimpleTodo-frameworks.sh\"\n";
			showEnvVarsInLog = 0;
		};
/* End PBXShellScriptBuildPhase section */

/* Begin PBXSourcesBuildPhase section */
		D06BBBCF2A305CD7006F35B1 /* Sources */ = {
			isa = PBXSourcesBuildPhase;
			buildActionMask = 2147483647;
			files = (
				D09F90DB2A3319F00065BF23 /* EventIndicatorContainer.swift in Sources */,
				D0D3EC0D2B36E3B2006A37B1 /* CatButtonContainerView.swift in Sources */,
				D06BBBD92A305CD7006F35B1 /* ContentView.swift in Sources */,
				D0144A3A2A306E56004A6457 /* CalendarView.swift in Sources */,
				D06BBBD72A305CD7006F35B1 /* SimpleTodoApp.swift in Sources */,
				D0144A3C2A306E80004A6457 /* CalendarViewModel.swift in Sources */,
				D0C443D42A319AC300D2F6BE /* CalendarCell.swift in Sources */,
				D0D3EC092B36E29C006A37B1 /* CatContainerView.swift in Sources */,
			);
			runOnlyForDeploymentPostprocessing = 0;
		};
/* End PBXSourcesBuildPhase section */

/* Begin XCBuildConfiguration section */
		D06BBBDF2A305CD8006F35B1 /* Debug */ = {
			isa = XCBuildConfiguration;
			buildSettings = {
				ALWAYS_SEARCH_USER_PATHS = NO;
				CLANG_ANALYZER_NONNULL = YES;
				CLANG_ANALYZER_NUMBER_OBJECT_CONVERSION = YES_AGGRESSIVE;
				CLANG_CXX_LANGUAGE_STANDARD = "gnu++20";
				CLANG_ENABLE_MODULES = YES;
				CLANG_ENABLE_OBJC_ARC = YES;
				CLANG_ENABLE_OBJC_WEAK = YES;
				CLANG_WARN_BLOCK_CAPTURE_AUTORELEASING = YES;
				CLANG_WARN_BOOL_CONVERSION = YES;
				CLANG_WARN_COMMA = YES;
				CLANG_WARN_CONSTANT_CONVERSION = YES;
				CLANG_WARN_DEPRECATED_OBJC_IMPLEMENTATIONS = YES;
				CLANG_WARN_DIRECT_OBJC_ISA_USAGE = YES_ERROR;
				CLANG_WARN_DOCUMENTATION_COMMENTS = YES;
				CLANG_WARN_EMPTY_BODY = YES;
				CLANG_WARN_ENUM_CONVERSION = YES;
				CLANG_WARN_INFINITE_RECURSION = YES;
				CLANG_WARN_INT_CONVERSION = YES;
				CLANG_WARN_NON_LITERAL_NULL_CONVERSION = YES;
				CLANG_WARN_OBJC_IMPLICIT_RETAIN_SELF = YES;
				CLANG_WARN_OBJC_LITERAL_CONVERSION = YES;
				CLANG_WARN_OBJC_ROOT_CLASS = YES_ERROR;
				CLANG_WARN_QUOTED_INCLUDE_IN_FRAMEWORK_HEADER = YES;
				CLANG_WARN_RANGE_LOOP_ANALYSIS = YES;
				CLANG_WARN_STRICT_PROTOTYPES = YES;
				CLANG_WARN_SUSPICIOUS_MOVE = YES;
				CLANG_WARN_UNGUARDED_AVAILABILITY = YES_AGGRESSIVE;
				CLANG_WARN_UNREACHABLE_CODE = YES;
				CLANG_WARN__DUPLICATE_METHOD_MATCH = YES;
				COPY_PHASE_STRIP = NO;
				DEBUG_INFORMATION_FORMAT = dwarf;
				ENABLE_STRICT_OBJC_MSGSEND = YES;
				ENABLE_TESTABILITY = YES;
				GCC_C_LANGUAGE_STANDARD = gnu11;
				GCC_DYNAMIC_NO_PIC = NO;
				GCC_NO_COMMON_BLOCKS = YES;
				GCC_OPTIMIZATION_LEVEL = 0;
				GCC_PREPROCESSOR_DEFINITIONS = (
					"DEBUG=1",
					"$(inherited)",
				);
				GCC_WARN_64_TO_32_BIT_CONVERSION = YES;
				GCC_WARN_ABOUT_RETURN_TYPE = YES_ERROR;
				GCC_WARN_UNDECLARED_SELECTOR = YES;
				GCC_WARN_UNINITIALIZED_AUTOS = YES_AGGRESSIVE;
				GCC_WARN_UNUSED_FUNCTION = YES;
				GCC_WARN_UNUSED_VARIABLE = YES;
				IPHONEOS_DEPLOYMENT_TARGET = 16.2;
				MTL_ENABLE_DEBUG_INFO = INCLUDE_SOURCE;
				MTL_FAST_MATH = YES;
				ONLY_ACTIVE_ARCH = YES;
				SDKROOT = iphoneos;
				SWIFT_ACTIVE_COMPILATION_CONDITIONS = DEBUG;
				SWIFT_OPTIMIZATION_LEVEL = "-Onone";
			};
			name = Debug;
		};
		D06BBBE02A305CD8006F35B1 /* Release */ = {
			isa = XCBuildConfiguration;
			buildSettings = {
				ALWAYS_SEARCH_USER_PATHS = NO;
				CLANG_ANALYZER_NONNULL = YES;
				CLANG_ANALYZER_NUMBER_OBJECT_CONVERSION = YES_AGGRESSIVE;
				CLANG_CXX_LANGUAGE_STANDARD = "gnu++20";
				CLANG_ENABLE_MODULES = YES;
				CLANG_ENABLE_OBJC_ARC = YES;
				CLANG_ENABLE_OBJC_WEAK = YES;
				CLANG_WARN_BLOCK_CAPTURE_AUTORELEASING = YES;
				CLANG_WARN_BOOL_CONVERSION = YES;
				CLANG_WARN_COMMA = YES;
				CLANG_WARN_CONSTANT_CONVERSION = YES;
				CLANG_WARN_DEPRECATED_OBJC_IMPLEMENTATIONS = YES;
				CLANG_WARN_DIRECT_OBJC_ISA_USAGE = YES_ERROR;
				CLANG_WARN_DOCUMENTATION_COMMENTS = YES;
				CLANG_WARN_EMPTY_BODY = YES;
				CLANG_WARN_ENUM_CONVERSION = YES;
				CLANG_WARN_INFINITE_RECURSION = YES;
				CLANG_WARN_INT_CONVERSION = YES;
				CLANG_WARN_NON_LITERAL_NULL_CONVERSION = YES;
				CLANG_WARN_OBJC_IMPLICIT_RETAIN_SELF = YES;
				CLANG_WARN_OBJC_LITERAL_CONVERSION = YES;
				CLANG_WARN_OBJC_ROOT_CLASS = YES_ERROR;
				CLANG_WARN_QUOTED_INCLUDE_IN_FRAMEWORK_HEADER = YES;
				CLANG_WARN_RANGE_LOOP_ANALYSIS = YES;
				CLANG_WARN_STRICT_PROTOTYPES = YES;
				CLANG_WARN_SUSPICIOUS_MOVE = YES;
				CLANG_WARN_UNGUARDED_AVAILABILITY = YES_AGGRESSIVE;
				CLANG_WARN_UNREACHABLE_CODE = YES;
				CLANG_WARN__DUPLICATE_METHOD_MATCH = YES;
				COPY_PHASE_STRIP = NO;
				DEBUG_INFORMATION_FORMAT = "dwarf-with-dsym";
				ENABLE_NS_ASSERTIONS = NO;
				ENABLE_STRICT_OBJC_MSGSEND = YES;
				GCC_C_LANGUAGE_STANDARD = gnu11;
				GCC_NO_COMMON_BLOCKS = YES;
				GCC_WARN_64_TO_32_BIT_CONVERSION = YES;
				GCC_WARN_ABOUT_RETURN_TYPE = YES_ERROR;
				GCC_WARN_UNDECLARED_SELECTOR = YES;
				GCC_WARN_UNINITIALIZED_AUTOS = YES_AGGRESSIVE;
				GCC_WARN_UNUSED_FUNCTION = YES;
				GCC_WARN_UNUSED_VARIABLE = YES;
				IPHONEOS_DEPLOYMENT_TARGET = 16.2;
				MTL_ENABLE_DEBUG_INFO = NO;
				MTL_FAST_MATH = YES;
				SDKROOT = iphoneos;
				SWIFT_COMPILATION_MODE = wholemodule;
				SWIFT_OPTIMIZATION_LEVEL = "-O";
				VALIDATE_PRODUCT = YES;
			};
			name = Release;
		};
		D06BBBE22A305CD8006F35B1 /* Debug */ = {
			isa = XCBuildConfiguration;
			baseConfigurationReference = 462987FCEBFCA8961494E335 /* Pods-SimpleTodo.debug.xcconfig */;
			buildSettings = {
				ASSETCATALOG_COMPILER_APPICON_NAME = AppIcon;
				ASSETCATALOG_COMPILER_GLOBAL_ACCENT_COLOR_NAME = AccentColor;
				CODE_SIGN_STYLE = Automatic;
				CURRENT_PROJECT_VERSION = 1;
				DEVELOPMENT_ASSET_PATHS = "\"SimpleTodo/Preview Content\"";
				DEVELOPMENT_TEAM = QTL2CJ24ZK;
				ENABLE_PREVIEWS = YES;
				GENERATE_INFOPLIST_FILE = YES;
				INFOPLIST_KEY_UIApplicationSceneManifest_Generation = YES;
				INFOPLIST_KEY_UIApplicationSupportsIndirectInputEvents = YES;
				INFOPLIST_KEY_UILaunchScreen_Generation = YES;
				INFOPLIST_KEY_UISupportedInterfaceOrientations_iPad = "UIInterfaceOrientationPortrait UIInterfaceOrientationPortraitUpsideDown UIInterfaceOrientationLandscapeLeft UIInterfaceOrientationLandscapeRight";
				INFOPLIST_KEY_UISupportedInterfaceOrientations_iPhone = "UIInterfaceOrientationPortrait UIInterfaceOrientationLandscapeLeft UIInterfaceOrientationLandscapeRight";
				LD_RUNPATH_SEARCH_PATHS = (
					"$(inherited)",
					"@executable_path/Frameworks",
				);
				MARKETING_VERSION = 1.0;
				PRODUCT_BUNDLE_IDENTIFIER = com.jyj.SimpleTodo;
				PRODUCT_NAME = "$(TARGET_NAME)";
				SWIFT_EMIT_LOC_STRINGS = YES;
				SWIFT_VERSION = 5.0;
				TARGETED_DEVICE_FAMILY = "1,2";
			};
			name = Debug;
		};
		D06BBBE32A305CD8006F35B1 /* Release */ = {
			isa = XCBuildConfiguration;
			baseConfigurationReference = 61F4F7E34D44836D0F4DE96F /* Pods-SimpleTodo.release.xcconfig */;
			buildSettings = {
				ASSETCATALOG_COMPILER_APPICON_NAME = AppIcon;
				ASSETCATALOG_COMPILER_GLOBAL_ACCENT_COLOR_NAME = AccentColor;
				CODE_SIGN_STYLE = Automatic;
				CURRENT_PROJECT_VERSION = 1;
				DEVELOPMENT_ASSET_PATHS = "\"SimpleTodo/Preview Content\"";
				DEVELOPMENT_TEAM = QTL2CJ24ZK;
				ENABLE_PREVIEWS = YES;
				GENERATE_INFOPLIST_FILE = YES;
				INFOPLIST_KEY_UIApplicationSceneManifest_Generation = YES;
				INFOPLIST_KEY_UIApplicationSupportsIndirectInputEvents = YES;
				INFOPLIST_KEY_UILaunchScreen_Generation = YES;
				INFOPLIST_KEY_UISupportedInterfaceOrientations_iPad = "UIInterfaceOrientationPortrait UIInterfaceOrientationPortraitUpsideDown UIInterfaceOrientationLandscapeLeft UIInterfaceOrientationLandscapeRight";
				INFOPLIST_KEY_UISupportedInterfaceOrientations_iPhone = "UIInterfaceOrientationPortrait UIInterfaceOrientationLandscapeLeft UIInterfaceOrientationLandscapeRight";
				LD_RUNPATH_SEARCH_PATHS = (
					"$(inherited)",
					"@executable_path/Frameworks",
				);
				MARKETING_VERSION = 1.0;
				PRODUCT_BUNDLE_IDENTIFIER = com.jyj.SimpleTodo;
				PRODUCT_NAME = "$(TARGET_NAME)";
				SWIFT_EMIT_LOC_STRINGS = YES;
				SWIFT_VERSION = 5.0;
				TARGETED_DEVICE_FAMILY = "1,2";
			};
			name = Release;
		};
/* End XCBuildConfiguration section */

/* Begin XCConfigurationList section */
		D06BBBCE2A305CD7006F35B1 /* Build configuration list for PBXProject "SimpleTodo" */ = {
			isa = XCConfigurationList;
			buildConfigurations = (
				D06BBBDF2A305CD8006F35B1 /* Debug */,
				D06BBBE02A305CD8006F35B1 /* Release */,
			);
			defaultConfigurationIsVisible = 0;
			defaultConfigurationName = Release;
		};
		D06BBBE12A305CD8006F35B1 /* Build configuration list for PBXNativeTarget "SimpleTodo" */ = {
			isa = XCConfigurationList;
			buildConfigurations = (
				D06BBBE22A305CD8006F35B1 /* Debug */,
				D06BBBE32A305CD8006F35B1 /* Release */,
			);
			defaultConfigurationIsVisible = 0;
			defaultConfigurationName = Release;
		};
/* End XCConfigurationList section */
	};
	rootObject = D06BBBCB2A305CD7006F35B1 /* Project object */;
}
